
Microsoft Visual Studio Solution File, Format Version 12.00
# Visual Studio Version 16
VisualStudioVersion = 16.0.30621.155
MinimumVisualStudioVersion = 10.0.40219.1
Project("{FAE04EC0-301F-11D3-BF4B-00C04F79EFBC}") = "20171578036_20172578091_2", "20171578036_20172578091_2.csproj", "{8A4A3402-5EBA-4311-947C-3962B4665686}"
EndProject
Global
	GlobalSection(SolutionConfigurationPlatforms) = preSolution
		Debug|Any CPU = Debug|Any CPU
		Release|Any CPU = Release|Any CPU
	EndGlobalSection
	GlobalSection(ProjectConfigurationPlatforms) = postSolution
		{8A4A3402-5EBA-4311-947C-3962B4665686}.Debug|Any CPU.ActiveCfg = Debug|Any CPU
		{8A4A3402-5EBA-4311-947C-3962B4665686}.Debug|Any CPU.Build.0 = Debug|Any CPU
		{8A4A3402-5EBA-4311-947C-3962B4665686}.Release|Any CPU.ActiveCfg = Release|Any CPU
		{8A4A3402-5EBA-4311-947C-3962B4665686}.Release|Any CPU.Build.0 = Release|Any CPU
	EndGlobalSection
	GlobalSection(SolutionProperties) = preSolution
		HideSolutionNode = FALSE
	EndGlobalSection
	GlobalSection(ExtensibilityGlobals) = postSolution
		SolutionGuid = {AB5FA9F0-50E9-436B-9CA3-E454B9284473}
	EndGlobalSection
EndGlobal
// incompatible con visual studio code